{
  "version": "5",
  "specifiers": {
    "npm:hono@^4.11.1": "4.11.1",
    "npm:twitter-api-v2@^1.28.0": "1.28.0"
  },
  "npm": {
    "hono@4.11.1": {
      "integrity": "sha512-KsFcH0xxHes0J4zaQgWbYwmz3UPOOskdqZmItstUG93+Wk1ePBLkLGwbP9zlmh1BFUiL8Qp+Xfu9P7feJWpGNg=="
    },
    "twitter-api-v2@1.28.0": {
      "integrity": "sha512-VBmiAMylCEr94OChaHJ+0TBrOZNrduwWUe7QLoa/KdOdv1fNiToJ0xZGOrNKFd2B7jrAdAkfUW6yA5LuXYOYLQ=="
    }
  },
  "workspace": {
    "dependencies": [
      "npm:hono@^4.11.1",
      "npm:twitter-api-v2@^1.28.0"
    ]
  }
}
